
Microsoft Visual Studio Solution File, Format Version 12.00
# Visual Studio Version 17
VisualStudioVersion = 17.5.33627.172
MinimumVisualStudioVersion = 10.0.40219.1
Project("{FAE04EC0-301F-11D3-BF4B-00C04F79EFBC}") = "WpfCourseWork", "WpfCourseWork\WpfCourseWork.csproj", "{DB944D47-F814-4E4B-8B6D-C544E1F5565B}"
EndProject
Global
	GlobalSection(SolutionConfigurationPlatforms) = preSolution
		Debug|Any CPU = Debug|Any CPU
		Release|Any CPU = Release|Any CPU
	EndGlobalSection
	GlobalSection(ProjectConfigurationPlatforms) = postSolution
		{DB944D47-F814-4E4B-8B6D-C544E1F5565B}.Debug|Any CPU.ActiveCfg = Debug|Any CPU
		{DB944D47-F814-4E4B-8B6D-C544E1F5565B}.Debug|Any CPU.Build.0 = Debug|Any CPU
		{DB944D47-F814-4E4B-8B6D-C544E1F5565B}.Release|Any CPU.ActiveCfg = Release|Any CPU
		{DB944D47-F814-4E4B-8B6D-C544E1F5565B}.Release|Any CPU.Build.0 = Release|Any CPU
	EndGlobalSection
	GlobalSection(SolutionProperties) = preSolution
		HideSolutionNode = FALSE
	EndGlobalSection
	GlobalSection(ExtensibilityGlobals) = postSolution
		SolutionGuid = {070F8586-4BBC-4C85-B27F-7A8E4C26782B}
	EndGlobalSection
EndGlobal
